// !$*UTF8*$!
{
	archiveVersion = 1;
	classes = {
	};
	objectVersion = 51;
	objects = {

/* Begin PBXBuildFile section */
		5B4F754C0015AEB438480D7D /* Pods_AppStoreJSONApis.framework in Frameworks */ = {isa = PBXBuildFile; fileRef = CEAEC41763D05E72748FA629 /* Pods_AppStoreJSONApis.framework */; };
		B744032C244A7CFF003A4BC6 /* AppDetailCell.swift in Sources */ = {isa = PBXBuildFile; fileRef = B744032B244A7CFF003A4BC6 /* AppDetailCell.swift */; };
		B745EFAB243E19E00052D008 /* UIView+Layout.swift in Sources */ = {isa = PBXBuildFile; fileRef = B745EFAA243E19E00052D008 /* UIView+Layout.swift */; };
		B745EFAD243E19F90052D008 /* VerticalStackView.swift in Sources */ = {isa = PBXBuildFile; fileRef = B745EFAC243E19F90052D008 /* VerticalStackView.swift */; };
		B745EFB0243E24480052D008 /* SearchResult.swift in Sources */ = {isa = PBXBuildFile; fileRef = B745EFAF243E24480052D008 /* SearchResult.swift */; };
		B745EFB3243E41E60052D008 /* Service.swift in Sources */ = {isa = PBXBuildFile; fileRef = B745EFB2243E41E60052D008 /* Service.swift */; };
		B745EFB6244002600052D008 /* AppsPageController.swift in Sources */ = {isa = PBXBuildFile; fileRef = B745EFB5244002600052D008 /* AppsPageController.swift */; };
		B745EFB8244004020052D008 /* BaseListController.swift in Sources */ = {isa = PBXBuildFile; fileRef = B745EFB7244004020052D008 /* BaseListController.swift */; };
		B745EFBC2440061A0052D008 /* AppsGroupCell.swift in Sources */ = {isa = PBXBuildFile; fileRef = B745EFBB244006190052D008 /* AppsGroupCell.swift */; };
		B745EFBE244008890052D008 /* AppsHorizontalController.swift in Sources */ = {isa = PBXBuildFile; fileRef = B745EFBD244008890052D008 /* AppsHorizontalController.swift */; };
		B745EFC0244013BE0052D008 /* AppRowCell.swift in Sources */ = {isa = PBXBuildFile; fileRef = B745EFBF244013BE0052D008 /* AppRowCell.swift */; };
		B745EFC2244014960052D008 /* Extensions.swift in Sources */ = {isa = PBXBuildFile; fileRef = B745EFC1244014960052D008 /* Extensions.swift */; };
		B745EFC424401FE50052D008 /* AppsPageHeader.swift in Sources */ = {isa = PBXBuildFile; fileRef = B745EFC324401FE50052D008 /* AppsPageHeader.swift */; };
		B745EFC6244021DF0052D008 /* AppsHeaderHorizontalController.swift in Sources */ = {isa = PBXBuildFile; fileRef = B745EFC5244021DF0052D008 /* AppsHeaderHorizontalController.swift */; };
		B745EFC8244025940052D008 /* AppsHeaderCell.swift in Sources */ = {isa = PBXBuildFile; fileRef = B745EFC7244025940052D008 /* AppsHeaderCell.swift */; };
		B78500D22446986E0000EBAB /* AppGroup.swift in Sources */ = {isa = PBXBuildFile; fileRef = B78500D12446986E0000EBAB /* AppGroup.swift */; };
		B78500D42446BADA0000EBAB /* SocialApp.swift in Sources */ = {isa = PBXBuildFile; fileRef = B78500D32446BADA0000EBAB /* SocialApp.swift */; };
		B78500D62448BD3F0000EBAB /* HorizontalSnappingController.swift in Sources */ = {isa = PBXBuildFile; fileRef = B78500D52448BD3F0000EBAB /* HorizontalSnappingController.swift */; };
		B78500D82448C42C0000EBAB /* BetterSnappingLayout.swift in Sources */ = {isa = PBXBuildFile; fileRef = B78500D72448C42C0000EBAB /* BetterSnappingLayout.swift */; };
		B78500DB24492FB40000EBAB /* AppDetailController.swift in Sources */ = {isa = PBXBuildFile; fileRef = B78500DA24492FB40000EBAB /* AppDetailController.swift */; };
		B7B4CA30244F3D9500407705 /* PreviewCell.swift in Sources */ = {isa = PBXBuildFile; fileRef = B7B4CA2F244F3D9500407705 /* PreviewCell.swift */; };
		B7B4CA32244F3F9F00407705 /* PreviewScreenshotsController.swift in Sources */ = {isa = PBXBuildFile; fileRef = B7B4CA31244F3F9F00407705 /* PreviewScreenshotsController.swift */; };
		B7B4CA34244F82BA00407705 /* ReviewRowCell.swift in Sources */ = {isa = PBXBuildFile; fileRef = B7B4CA33244F82BA00407705 /* ReviewRowCell.swift */; };
		B7B4CA36244F84E200407705 /* ReviewsController.swift in Sources */ = {isa = PBXBuildFile; fileRef = B7B4CA35244F84E200407705 /* ReviewsController.swift */; };
		B7B4CA38244F874700407705 /* ReviewCell.swift in Sources */ = {isa = PBXBuildFile; fileRef = B7B4CA37244F874700407705 /* ReviewCell.swift */; };
		B7B4CA3A244FB4BD00407705 /* Reviews.swift in Sources */ = {isa = PBXBuildFile; fileRef = B7B4CA39244FB4BD00407705 /* Reviews.swift */; };
		B7B4CA3D2450A5D400407705 /* TodayController.swift in Sources */ = {isa = PBXBuildFile; fileRef = B7B4CA3C2450A5D400407705 /* TodayController.swift */; };
		B7B4CA402450A68000407705 /* TodayCell.swift in Sources */ = {isa = PBXBuildFile; fileRef = B7B4CA3F2450A68000407705 /* TodayCell.swift */; };
		B7B4CA422451DC0D00407705 /* AppFullscreenController.swift in Sources */ = {isa = PBXBuildFile; fileRef = B7B4CA412451DC0D00407705 /* AppFullscreenController.swift */; };
		B7B4CA442451DCD400407705 /* AppFullscreenDescriptionCell.swift in Sources */ = {isa = PBXBuildFile; fileRef = B7B4CA432451DCD400407705 /* AppFullscreenDescriptionCell.swift */; };
		B7B4CA462451F74E00407705 /* AppFullscreenHeaderCell.swift in Sources */ = {isa = PBXBuildFile; fileRef = B7B4CA452451F74E00407705 /* AppFullscreenHeaderCell.swift */; };
		B7B4CA48245340F700407705 /* Todayitem.swift in Sources */ = {isa = PBXBuildFile; fileRef = B7B4CA47245340F700407705 /* Todayitem.swift */; };
		B7BDC318243BEA81004B2BB5 /* AppDelegate.swift in Sources */ = {isa = PBXBuildFile; fileRef = B7BDC317243BEA81004B2BB5 /* AppDelegate.swift */; };
		B7BDC31A243BEA81004B2BB5 /* SceneDelegate.swift in Sources */ = {isa = PBXBuildFile; fileRef = B7BDC319243BEA81004B2BB5 /* SceneDelegate.swift */; };
		B7BDC31C243BEA81004B2BB5 /* ViewController.swift in Sources */ = {isa = PBXBuildFile; fileRef = B7BDC31B243BEA81004B2BB5 /* ViewController.swift */; };
		B7BDC31F243BEA81004B2BB5 /* Main.storyboard in Resources */ = {isa = PBXBuildFile; fileRef = B7BDC31D243BEA81004B2BB5 /* Main.storyboard */; };
		B7BDC321243BEA84004B2BB5 /* Assets.xcassets in Resources */ = {isa = PBXBuildFile; fileRef = B7BDC320243BEA84004B2BB5 /* Assets.xcassets */; };
		B7BDC324243BEA84004B2BB5 /* LaunchScreen.storyboard in Resources */ = {isa = PBXBuildFile; fileRef = B7BDC322243BEA84004B2BB5 /* LaunchScreen.storyboard */; };
		B7BDC32C243BF0AC004B2BB5 /* BaseTabBarController.swift in Sources */ = {isa = PBXBuildFile; fileRef = B7BDC32B243BF0AC004B2BB5 /* BaseTabBarController.swift */; };
		B7BDC32F243BFFC5004B2BB5 /* AppsSearchController.swift in Sources */ = {isa = PBXBuildFile; fileRef = B7BDC32E243BFFC5004B2BB5 /* AppsSearchController.swift */; };
		B7BDC332243C106A004B2BB5 /* SearchResultCell.swift in Sources */ = {isa = PBXBuildFile; fileRef = B7BDC331243C106A004B2BB5 /* SearchResultCell.swift */; };
/* End PBXBuildFile section */

/* Begin PBXFileReference section */
		6B3A5DB41B9C5ABD7324F3A4 /* Pods-AppStoreJSONApis.release.xcconfig */ = {isa = PBXFileReference; includeInIndex = 1; lastKnownFileType = text.xcconfig; name = "Pods-AppStoreJSONApis.release.xcconfig"; path = "Target Support Files/Pods-AppStoreJSONApis/Pods-AppStoreJSONApis.release.xcconfig"; sourceTree = "<group>"; };
		A3EEFDF4E3C3E21705306876 /* Pods-AppStoreJSONApis.debug.xcconfig */ = {isa = PBXFileReference; includeInIndex = 1; lastKnownFileType = text.xcconfig; name = "Pods-AppStoreJSONApis.debug.xcconfig"; path = "Target Support Files/Pods-AppStoreJSONApis/Pods-AppStoreJSONApis.debug.xcconfig"; sourceTree = "<group>"; };
		B744032B244A7CFF003A4BC6 /* AppDetailCell.swift */ = {isa = PBXFileReference; lastKnownFileType = sourcecode.swift; path = AppDetailCell.swift; sourceTree = "<group>"; };
		B745EFAA243E19E00052D008 /* UIView+Layout.swift */ = {isa = PBXFileReference; lastKnownFileType = sourcecode.swift; path = "UIView+Layout.swift"; sourceTree = "<group>"; };
		B745EFAC243E19F90052D008 /* VerticalStackView.swift */ = {isa = PBXFileReference; lastKnownFileType = sourcecode.swift; path = VerticalStackView.swift; sourceTree = "<group>"; };
		B745EFAF243E24480052D008 /* SearchResult.swift */ = {isa = PBXFileReference; lastKnownFileType = sourcecode.swift; path = SearchResult.swift; sourceTree = "<group>"; };
		B745EFB2243E41E60052D008 /* Service.swift */ = {isa = PBXFileReference; lastKnownFileType = sourcecode.swift; path = Service.swift; sourceTree = "<group>"; };
		B745EFB5244002600052D008 /* AppsPageController.swift */ = {isa = PBXFileReference; lastKnownFileType = sourcecode.swift; path = AppsPageController.swift; sourceTree = "<group>"; };
		B745EFB7244004020052D008 /* BaseListController.swift */ = {isa = PBXFileReference; lastKnownFileType = sourcecode.swift; path = BaseListController.swift; sourceTree = "<group>"; };
		B745EFBB244006190052D008 /* AppsGroupCell.swift */ = {isa = PBXFileReference; lastKnownFileType = sourcecode.swift; path = AppsGroupCell.swift; sourceTree = "<group>"; };
		B745EFBD244008890052D008 /* AppsHorizontalController.swift */ = {isa = PBXFileReference; lastKnownFileType = sourcecode.swift; path = AppsHorizontalController.swift; sourceTree = "<group>"; };
		B745EFBF244013BE0052D008 /* AppRowCell.swift */ = {isa = PBXFileReference; lastKnownFileType = sourcecode.swift; path = AppRowCell.swift; sourceTree = "<group>"; };
		B745EFC1244014960052D008 /* Extensions.swift */ = {isa = PBXFileReference; lastKnownFileType = sourcecode.swift; path = Extensions.swift; sourceTree = "<group>"; };
		B745EFC324401FE50052D008 /* AppsPageHeader.swift */ = {isa = PBXFileReference; lastKnownFileType = sourcecode.swift; path = AppsPageHeader.swift; sourceTree = "<group>"; };
		B745EFC5244021DF0052D008 /* AppsHeaderHorizontalController.swift */ = {isa = PBXFileReference; lastKnownFileType = sourcecode.swift; path = AppsHeaderHorizontalController.swift; sourceTree = "<group>"; };
		B745EFC7244025940052D008 /* AppsHeaderCell.swift */ = {isa = PBXFileReference; lastKnownFileType = sourcecode.swift; path = AppsHeaderCell.swift; sourceTree = "<group>"; };
		B78500D12446986E0000EBAB /* AppGroup.swift */ = {isa = PBXFileReference; lastKnownFileType = sourcecode.swift; path = AppGroup.swift; sourceTree = "<group>"; };
		B78500D32446BADA0000EBAB /* SocialApp.swift */ = {isa = PBXFileReference; lastKnownFileType = sourcecode.swift; path = SocialApp.swift; sourceTree = "<group>"; };
		B78500D52448BD3F0000EBAB /* HorizontalSnappingController.swift */ = {isa = PBXFileReference; lastKnownFileType = sourcecode.swift; path = HorizontalSnappingController.swift; sourceTree = "<group>"; };
		B78500D72448C42C0000EBAB /* BetterSnappingLayout.swift */ = {isa = PBXFileReference; lastKnownFileType = sourcecode.swift; path = BetterSnappingLayout.swift; sourceTree = "<group>"; };
		B78500DA24492FB40000EBAB /* AppDetailController.swift */ = {isa = PBXFileReference; lastKnownFileType = sourcecode.swift; path = AppDetailController.swift; sourceTree = "<group>"; };
		B7B4CA2F244F3D9500407705 /* PreviewCell.swift */ = {isa = PBXFileReference; lastKnownFileType = sourcecode.swift; path = PreviewCell.swift; sourceTree = "<group>"; };
		B7B4CA31244F3F9F00407705 /* PreviewScreenshotsController.swift */ = {isa = PBXFileReference; lastKnownFileType = sourcecode.swift; path = PreviewScreenshotsController.swift; sourceTree = "<group>"; };
		B7B4CA33244F82BA00407705 /* ReviewRowCell.swift */ = {isa = PBXFileReference; lastKnownFileType = sourcecode.swift; path = ReviewRowCell.swift; sourceTree = "<group>"; };
		B7B4CA35244F84E200407705 /* ReviewsController.swift */ = {isa = PBXFileReference; lastKnownFileType = sourcecode.swift; path = ReviewsController.swift; sourceTree = "<group>"; };
		B7B4CA37244F874700407705 /* ReviewCell.swift */ = {isa = PBXFileReference; lastKnownFileType = sourcecode.swift; path = ReviewCell.swift; sourceTree = "<group>"; };
		B7B4CA39244FB4BD00407705 /* Reviews.swift */ = {isa = PBXFileReference; lastKnownFileType = sourcecode.swift; path = Reviews.swift; sourceTree = "<group>"; };
		B7B4CA3C2450A5D400407705 /* TodayController.swift */ = {isa = PBXFileReference; lastKnownFileType = sourcecode.swift; path = TodayController.swift; sourceTree = "<group>"; };
		B7B4CA3F2450A68000407705 /* TodayCell.swift */ = {isa = PBXFileReference; lastKnownFileType = sourcecode.swift; path = TodayCell.swift; sourceTree = "<group>"; };
		B7B4CA412451DC0D00407705 /* AppFullscreenController.swift */ = {isa = PBXFileReference; lastKnownFileType = sourcecode.swift; path = AppFullscreenController.swift; sourceTree = "<group>"; };
		B7B4CA432451DCD400407705 /* AppFullscreenDescriptionCell.swift */ = {isa = PBXFileReference; lastKnownFileType = sourcecode.swift; path = AppFullscreenDescriptionCell.swift; sourceTree = "<group>"; };
		B7B4CA452451F74E00407705 /* AppFullscreenHeaderCell.swift */ = {isa = PBXFileReference; lastKnownFileType = sourcecode.swift; path = AppFullscreenHeaderCell.swift; sourceTree = "<group>"; };
		B7B4CA47245340F700407705 /* Todayitem.swift */ = {isa = PBXFileReference; lastKnownFileType = sourcecode.swift; path = Todayitem.swift; sourceTree = "<group>"; };
		B7BDC314243BEA81004B2BB5 /* AppStoreJSONApis.app */ = {isa = PBXFileReference; explicitFileType = wrapper.application; includeInIndex = 0; path = AppStoreJSONApis.app; sourceTree = BUILT_PRODUCTS_DIR; };
		B7BDC317243BEA81004B2BB5 /* AppDelegate.swift */ = {isa = PBXFileReference; lastKnownFileType = sourcecode.swift; path = AppDelegate.swift; sourceTree = "<group>"; };
		B7BDC319243BEA81004B2BB5 /* SceneDelegate.swift */ = {isa = PBXFileReference; lastKnownFileType = sourcecode.swift; path = SceneDelegate.swift; sourceTree = "<group>"; };
		B7BDC31B243BEA81004B2BB5 /* ViewController.swift */ = {isa = PBXFileReference; lastKnownFileType = sourcecode.swift; path = ViewController.swift; sourceTree = "<group>"; };
		B7BDC31E243BEA81004B2BB5 /* Base */ = {isa = PBXFileReference; lastKnownFileType = file.storyboard; name = Base; path = Base.lproj/Main.storyboard; sourceTree = "<group>"; };
		B7BDC320243BEA84004B2BB5 /* Assets.xcassets */ = {isa = PBXFileReference; lastKnownFileType = folder.assetcatalog; path = Assets.xcassets; sourceTree = "<group>"; };
		B7BDC323243BEA84004B2BB5 /* Base */ = {isa = PBXFileReference; lastKnownFileType = file.storyboard; name = Base; path = Base.lproj/LaunchScreen.storyboard; sourceTree = "<group>"; };
		B7BDC325243BEA84004B2BB5 /* Info.plist */ = {isa = PBXFileReference; lastKnownFileType = text.plist.xml; path = Info.plist; sourceTree = "<group>"; };
		B7BDC32B243BF0AC004B2BB5 /* BaseTabBarController.swift */ = {isa = PBXFileReference; lastKnownFileType = sourcecode.swift; path = BaseTabBarController.swift; sourceTree = "<group>"; };
		B7BDC32E243BFFC5004B2BB5 /* AppsSearchController.swift */ = {isa = PBXFileReference; lastKnownFileType = sourcecode.swift; path = AppsSearchController.swift; sourceTree = "<group>"; };
		B7BDC331243C106A004B2BB5 /* SearchResultCell.swift */ = {isa = PBXFileReference; lastKnownFileType = sourcecode.swift; path = SearchResultCell.swift; sourceTree = "<group>"; };
		CEAEC41763D05E72748FA629 /* Pods_AppStoreJSONApis.framework */ = {isa = PBXFileReference; explicitFileType = wrapper.framework; includeInIndex = 0; path = Pods_AppStoreJSONApis.framework; sourceTree = BUILT_PRODUCTS_DIR; };
/* End PBXFileReference section */

/* Begin PBXFrameworksBuildPhase section */
		B7BDC311243BEA81004B2BB5 /* Frameworks */ = {
			isa = PBXFrameworksBuildPhase;
			buildActionMask = 2147483647;
			files = (
				5B4F754C0015AEB438480D7D /* Pods_AppStoreJSONApis.framework in Frameworks */,
			);
			runOnlyForDeploymentPostprocessing = 0;
		};
/* End PBXFrameworksBuildPhase section */

/* Begin PBXGroup section */
		44F31F761B052FE8304E74B5 /* Frameworks */ = {
			isa = PBXGroup;
			children = (
				CEAEC41763D05E72748FA629 /* Pods_AppStoreJSONApis.framework */,
			);
			name = Frameworks;
			sourceTree = "<group>";
		};
		857377204D99D77D7607A05F /* Pods */ = {
			isa = PBXGroup;
			children = (
				A3EEFDF4E3C3E21705306876 /* Pods-AppStoreJSONApis.debug.xcconfig */,
				6B3A5DB41B9C5ABD7324F3A4 /* Pods-AppStoreJSONApis.release.xcconfig */,
			);
			path = Pods;
			sourceTree = "<group>";
		};
		B744032A244A7CE2003A4BC6 /* Details */ = {
			isa = PBXGroup;
			children = (
				B744032B244A7CFF003A4BC6 /* AppDetailCell.swift */,
				B7B4CA2F244F3D9500407705 /* PreviewCell.swift */,
				B7B4CA33244F82BA00407705 /* ReviewRowCell.swift */,
				B7B4CA37244F874700407705 /* ReviewCell.swift */,
			);
			path = Details;
			sourceTree = "<group>";
		};
		B745EFA9243E19580052D008 /* Helpers */ = {
			isa = PBXGroup;
			children = (
				B745EFAA243E19E00052D008 /* UIView+Layout.swift */,
				B745EFAC243E19F90052D008 /* VerticalStackView.swift */,
				B745EFC1244014960052D008 /* Extensions.swift */,
				B78500D72448C42C0000EBAB /* BetterSnappingLayout.swift */,
			);
			path = Helpers;
			sourceTree = "<group>";
		};
		B745EFAE243E243B0052D008 /* Model */ = {
			isa = PBXGroup;
			children = (
				B745EFAF243E24480052D008 /* SearchResult.swift */,
				B78500D12446986E0000EBAB /* AppGroup.swift */,
				B78500D32446BADA0000EBAB /* SocialApp.swift */,
				B7B4CA39244FB4BD00407705 /* Reviews.swift */,
				B7B4CA47245340F700407705 /* Todayitem.swift */,
			);
			path = Model;
			sourceTree = "<group>";
		};
		B745EFB1243E41D80052D008 /* Services */ = {
			isa = PBXGroup;
			children = (
				B745EFB2243E41E60052D008 /* Service.swift */,
			);
			path = Services;
			sourceTree = "<group>";
		};
		B745EFB42440024C0052D008 /* Apps */ = {
			isa = PBXGroup;
			children = (
				B78500D924492F940000EBAB /* Details */,
				B745EFB5244002600052D008 /* AppsPageController.swift */,
				B745EFBD244008890052D008 /* AppsHorizontalController.swift */,
				B745EFC5244021DF0052D008 /* AppsHeaderHorizontalController.swift */,
			);
			path = Apps;
			sourceTree = "<group>";
		};
		B745EFB9244004930052D008 /* Search */ = {
			isa = PBXGroup;
			children = (
				B7BDC32E243BFFC5004B2BB5 /* AppsSearchController.swift */,
			);
			path = Search;
			sourceTree = "<group>";
		};
		B745EFBA2440060D0052D008 /* Apps */ = {
			isa = PBXGroup;
			children = (
				B744032A244A7CE2003A4BC6 /* Details */,
				B745EFBB244006190052D008 /* AppsGroupCell.swift */,
				B745EFBF244013BE0052D008 /* AppRowCell.swift */,
				B745EFC324401FE50052D008 /* AppsPageHeader.swift */,
				B745EFC7244025940052D008 /* AppsHeaderCell.swift */,
			);
			path = Apps;
			sourceTree = "<group>";
		};
		B78500D924492F940000EBAB /* Details */ = {
			isa = PBXGroup;
			children = (
				B78500DA24492FB40000EBAB /* AppDetailController.swift */,
				B7B4CA31244F3F9F00407705 /* PreviewScreenshotsController.swift */,
				B7B4CA35244F84E200407705 /* ReviewsController.swift */,
			);
			path = Details;
			sourceTree = "<group>";
		};
		B7B4CA3B2450A5BE00407705 /* Today */ = {
			isa = PBXGroup;
			children = (
				B7B4CA3C2450A5D400407705 /* TodayController.swift */,
				B7B4CA412451DC0D00407705 /* AppFullscreenController.swift */,
			);
			path = Today;
			sourceTree = "<group>";
		};
		B7B4CA3E2450A67000407705 /* Today */ = {
			isa = PBXGroup;
			children = (
				B7B4CA3F2450A68000407705 /* TodayCell.swift */,
				B7B4CA432451DCD400407705 /* AppFullscreenDescriptionCell.swift */,
				B7B4CA452451F74E00407705 /* AppFullscreenHeaderCell.swift */,
			);
			path = Today;
			sourceTree = "<group>";
		};
		B7BDC30B243BEA81004B2BB5 = {
			isa = PBXGroup;
			children = (
				B7BDC316243BEA81004B2BB5 /* AppStoreJSONApis */,
				B7BDC315243BEA81004B2BB5 /* Products */,
				857377204D99D77D7607A05F /* Pods */,
				44F31F761B052FE8304E74B5 /* Frameworks */,
			);
			sourceTree = "<group>";
		};
		B7BDC315243BEA81004B2BB5 /* Products */ = {
			isa = PBXGroup;
			children = (
				B7BDC314243BEA81004B2BB5 /* AppStoreJSONApis.app */,
			);
			name = Products;
			sourceTree = "<group>";
		};
		B7BDC316243BEA81004B2BB5 /* AppStoreJSONApis */ = {
			isa = PBXGroup;
			children = (
				B745EFB1243E41D80052D008 /* Services */,
				B745EFAE243E243B0052D008 /* Model */,
				B745EFA9243E19580052D008 /* Helpers */,
				B7BDC330243C102F004B2BB5 /* Views */,
				B7BDC32D243BFFA9004B2BB5 /* Controller */,
				B7BDC317243BEA81004B2BB5 /* AppDelegate.swift */,
				B7BDC319243BEA81004B2BB5 /* SceneDelegate.swift */,
				B7BDC31B243BEA81004B2BB5 /* ViewController.swift */,
				B7BDC31D243BEA81004B2BB5 /* Main.storyboard */,
				B7BDC320243BEA84004B2BB5 /* Assets.xcassets */,
				B7BDC322243BEA84004B2BB5 /* LaunchScreen.storyboard */,
				B7BDC325243BEA84004B2BB5 /* Info.plist */,
			);
			path = AppStoreJSONApis;
			sourceTree = "<group>";
		};
		B7BDC32D243BFFA9004B2BB5 /* Controller */ = {
			isa = PBXGroup;
			children = (
				B7B4CA3B2450A5BE00407705 /* Today */,
				B745EFB9244004930052D008 /* Search */,
				B745EFB42440024C0052D008 /* Apps */,
				B7BDC32B243BF0AC004B2BB5 /* BaseTabBarController.swift */,
				B745EFB7244004020052D008 /* BaseListController.swift */,
				B78500D52448BD3F0000EBAB /* HorizontalSnappingController.swift */,
			);
			path = Controller;
			sourceTree = "<group>";
		};
		B7BDC330243C102F004B2BB5 /* Views */ = {
			isa = PBXGroup;
			children = (
				B7B4CA3E2450A67000407705 /* Today */,
				B745EFBA2440060D0052D008 /* Apps */,
				B7BDC331243C106A004B2BB5 /* SearchResultCell.swift */,
			);
			path = Views;
			sourceTree = "<group>";
		};
/* End PBXGroup section */

/* Begin PBXNativeTarget section */
		B7BDC313243BEA81004B2BB5 /* AppStoreJSONApis */ = {
			isa = PBXNativeTarget;
			buildConfigurationList = B7BDC328243BEA84004B2BB5 /* Build configuration list for PBXNativeTarget "AppStoreJSONApis" */;
			buildPhases = (
				BBE3A5F900A940B2EF7E490B /* [CP] Check Pods Manifest.lock */,
				B7BDC310243BEA81004B2BB5 /* Sources */,
				B7BDC311243BEA81004B2BB5 /* Frameworks */,
				B7BDC312243BEA81004B2BB5 /* Resources */,
				013F14F43C447D220141FD4B /* [CP] Embed Pods Frameworks */,
			);
			buildRules = (
			);
			dependencies = (
			);
			name = AppStoreJSONApis;
			productName = AppStoreJSONApis;
			productReference = B7BDC314243BEA81004B2BB5 /* AppStoreJSONApis.app */;
			productType = "com.apple.product-type.application";
		};
/* End PBXNativeTarget section */

/* Begin PBXProject section */
		B7BDC30C243BEA81004B2BB5 /* Project object */ = {
			isa = PBXProject;
			attributes = {
				LastSwiftUpdateCheck = 1140;
				LastUpgradeCheck = 1140;
				ORGANIZATIONNAME = "Rodrigo Lemos";
				TargetAttributes = {
					B7BDC313243BEA81004B2BB5 = {
						CreatedOnToolsVersion = 11.4;
					};
				};
			};
			buildConfigurationList = B7BDC30F243BEA81004B2BB5 /* Build configuration list for PBXProject "AppStoreJSONApis" */;
			compatibilityVersion = "Xcode 9.3";
			developmentRegion = en;
			hasScannedForEncodings = 0;
			knownRegions = (
				en,
				Base,
			);
			mainGroup = B7BDC30B243BEA81004B2BB5;
			productRefGroup = B7BDC315243BEA81004B2BB5 /* Products */;
			projectDirPath = "";
			projectRoot = "";
			targets = (
				B7BDC313243BEA81004B2BB5 /* AppStoreJSONApis */,
			);
		};
/* End PBXProject section */

/* Begin PBXResourcesBuildPhase section */
		B7BDC312243BEA81004B2BB5 /* Resources */ = {
			isa = PBXResourcesBuildPhase;
			buildActionMask = 2147483647;
			files = (
				B7BDC324243BEA84004B2BB5 /* LaunchScreen.storyboard in Resources */,
				B7BDC321243BEA84004B2BB5 /* Assets.xcassets in Resources */,
				B7BDC31F243BEA81004B2BB5 /* Main.storyboard in Resources */,
			);
			runOnlyForDeploymentPostprocessing = 0;
		};
/* End PBXResourcesBuildPhase section */

/* Begin PBXShellScriptBuildPhase section */
		013F14F43C447D220141FD4B /* [CP] Embed Pods Frameworks */ = {
			isa = PBXShellScriptBuildPhase;
			buildActionMask = 2147483647;
			files = (
			);
			inputFileListPaths = (
				"${PODS_ROOT}/Target Support Files/Pods-AppStoreJSONApis/Pods-AppStoreJSONApis-frameworks-${CONFIGURATION}-input-files.xcfilelist",
			);
			name = "[CP] Embed Pods Frameworks";
			outputFileListPaths = (
				"${PODS_ROOT}/Target Support Files/Pods-AppStoreJSONApis/Pods-AppStoreJSONApis-frameworks-${CONFIGURATION}-output-files.xcfilelist",
			);
			runOnlyForDeploymentPostprocessing = 0;
			shellPath = /bin/sh;
			shellScript = "\"${PODS_ROOT}/Target Support Files/Pods-AppStoreJSONApis/Pods-AppStoreJSONApis-frameworks.sh\"\n";
			showEnvVarsInLog = 0;
		};
		BBE3A5F900A940B2EF7E490B /* [CP] Check Pods Manifest.lock */ = {
			isa = PBXShellScriptBuildPhase;
			buildActionMask = 2147483647;
			files = (
			);
			inputFileListPaths = (
			);
			inputPaths = (
				"${PODS_PODFILE_DIR_PATH}/Podfile.lock",
				"${PODS_ROOT}/Manifest.lock",
			);
			name = "[CP] Check Pods Manifest.lock";
			outputFileListPaths = (
			);
			outputPaths = (
				"$(DERIVED_FILE_DIR)/Pods-AppStoreJSONApis-checkManifestLockResult.txt",
			);
			runOnlyForDeploymentPostprocessing = 0;
			shellPath = /bin/sh;
			shellScript = "diff \"${PODS_PODFILE_DIR_PATH}/Podfile.lock\" \"${PODS_ROOT}/Manifest.lock\" > /dev/null\nif [ $? != 0 ] ; then\n    # print error to STDERR\n    echo \"error: The sandbox is not in sync with the Podfile.lock. Run 'pod install' or update your CocoaPods installation.\" >&2\n    exit 1\nfi\n# This output is used by Xcode 'outputs' to avoid re-running this script phase.\necho \"SUCCESS\" > \"${SCRIPT_OUTPUT_FILE_0}\"\n";
			showEnvVarsInLog = 0;
		};
/* End PBXShellScriptBuildPhase section */

/* Begin PBXSourcesBuildPhase section */
		B7BDC310243BEA81004B2BB5 /* Sources */ = {
			isa = PBXSourcesBuildPhase;
			buildActionMask = 2147483647;
			files = (
				B7BDC32C243BF0AC004B2BB5 /* BaseTabBarController.swift in Sources */,
				B7B4CA38244F874700407705 /* ReviewCell.swift in Sources */,
				B78500D42446BADA0000EBAB /* SocialApp.swift in Sources */,
				B745EFB6244002600052D008 /* AppsPageController.swift in Sources */,
				B745EFB0243E24480052D008 /* SearchResult.swift in Sources */,
				B7B4CA32244F3F9F00407705 /* PreviewScreenshotsController.swift in Sources */,
				B7BDC31C243BEA81004B2BB5 /* ViewController.swift in Sources */,
				B7BDC318243BEA81004B2BB5 /* AppDelegate.swift in Sources */,
				B7B4CA402450A68000407705 /* TodayCell.swift in Sources */,
				B7BDC32F243BFFC5004B2BB5 /* AppsSearchController.swift in Sources */,
				B7B4CA48245340F700407705 /* Todayitem.swift in Sources */,
				B745EFBC2440061A0052D008 /* AppsGroupCell.swift in Sources */,
				B7B4CA442451DCD400407705 /* AppFullscreenDescriptionCell.swift in Sources */,
				B7BDC332243C106A004B2BB5 /* SearchResultCell.swift in Sources */,
				B7B4CA462451F74E00407705 /* AppFullscreenHeaderCell.swift in Sources */,
				B78500D62448BD3F0000EBAB /* HorizontalSnappingController.swift in Sources */,
				B78500D82448C42C0000EBAB /* BetterSnappingLayout.swift in Sources */,
				B745EFAD243E19F90052D008 /* VerticalStackView.swift in Sources */,
				B78500DB24492FB40000EBAB /* AppDetailController.swift in Sources */,
				B7B4CA422451DC0D00407705 /* AppFullscreenController.swift in Sources */,
				B745EFB3243E41E60052D008 /* Service.swift in Sources */,
				B745EFC6244021DF0052D008 /* AppsHeaderHorizontalController.swift in Sources */,
				B745EFC424401FE50052D008 /* AppsPageHeader.swift in Sources */,
				B745EFAB243E19E00052D008 /* UIView+Layout.swift in Sources */,
				B7B4CA36244F84E200407705 /* ReviewsController.swift in Sources */,
				B745EFC2244014960052D008 /* Extensions.swift in Sources */,
				B7B4CA3D2450A5D400407705 /* TodayController.swift in Sources */,
				B745EFB8244004020052D008 /* BaseListController.swift in Sources */,
				B78500D22446986E0000EBAB /* AppGroup.swift in Sources */,
				B7B4CA3A244FB4BD00407705 /* Reviews.swift in Sources */,
				B744032C244A7CFF003A4BC6 /* AppDetailCell.swift in Sources */,
				B745EFC8244025940052D008 /* AppsHeaderCell.swift in Sources */,
				B7B4CA30244F3D9500407705 /* PreviewCell.swift in Sources */,
				B7B4CA34244F82BA00407705 /* ReviewRowCell.swift in Sources */,
				B7BDC31A243BEA81004B2BB5 /* SceneDelegate.swift in Sources */,
				B745EFBE244008890052D008 /* AppsHorizontalController.swift in Sources */,
				B745EFC0244013BE0052D008 /* AppRowCell.swift in Sources */,
			);
			runOnlyForDeploymentPostprocessing = 0;
		};
/* End PBXSourcesBuildPhase section */

/* Begin PBXVariantGroup section */
		B7BDC31D243BEA81004B2BB5 /* Main.storyboard */ = {
			isa = PBXVariantGroup;
			children = (
				B7BDC31E243BEA81004B2BB5 /* Base */,
			);
			name = Main.storyboard;
			sourceTree = "<group>";
		};
		B7BDC322243BEA84004B2BB5 /* LaunchScreen.storyboard */ = {
			isa = PBXVariantGroup;
			children = (
				B7BDC323243BEA84004B2BB5 /* Base */,
			);
			name = LaunchScreen.storyboard;
			sourceTree = "<group>";
		};
/* End PBXVariantGroup section */

/* Begin XCBuildConfiguration section */
		B7BDC326243BEA84004B2BB5 /* Debug */ = {
			isa = XCBuildConfiguration;
			buildSettings = {
				ALWAYS_SEARCH_USER_PATHS = NO;
				CLANG_ANALYZER_NONNULL = YES;
				CLANG_ANALYZER_NUMBER_OBJECT_CONVERSION = YES_AGGRESSIVE;
				CLANG_CXX_LANGUAGE_STANDARD = "gnu++14";
				CLANG_CXX_LIBRARY = "libc++";
				CLANG_ENABLE_MODULES = YES;
				CLANG_ENABLE_OBJC_ARC = YES;
				CLANG_ENABLE_OBJC_WEAK = YES;
				CLANG_WARN_BLOCK_CAPTURE_AUTORELEASING = YES;
				CLANG_WARN_BOOL_CONVERSION = YES;
				CLANG_WARN_COMMA = YES;
				CLANG_WARN_CONSTANT_CONVERSION = YES;
				CLANG_WARN_DEPRECATED_OBJC_IMPLEMENTATIONS = YES;
				CLANG_WARN_DIRECT_OBJC_ISA_USAGE = YES_ERROR;
				CLANG_WARN_DOCUMENTATION_COMMENTS = YES;
				CLANG_WARN_EMPTY_BODY = YES;
				CLANG_WARN_ENUM_CONVERSION = YES;
				CLANG_WARN_INFINITE_RECURSION = YES;
				CLANG_WARN_INT_CONVERSION = YES;
				CLANG_WARN_NON_LITERAL_NULL_CONVERSION = YES;
				CLANG_WARN_OBJC_IMPLICIT_RETAIN_SELF = YES;
				CLANG_WARN_OBJC_LITERAL_CONVERSION = YES;
				CLANG_WARN_OBJC_ROOT_CLASS = YES_ERROR;
				CLANG_WARN_RANGE_LOOP_ANALYSIS = YES;
				CLANG_WARN_STRICT_PROTOTYPES = YES;
				CLANG_WARN_SUSPICIOUS_MOVE = YES;
				CLANG_WARN_UNGUARDED_AVAILABILITY = YES_AGGRESSIVE;
				CLANG_WARN_UNREACHABLE_CODE = YES;
				CLANG_WARN__DUPLICATE_METHOD_MATCH = YES;
				COPY_PHASE_STRIP = NO;
				DEBUG_INFORMATION_FORMAT = dwarf;
				ENABLE_STRICT_OBJC_MSGSEND = YES;
				ENABLE_TESTABILITY = YES;
				GCC_C_LANGUAGE_STANDARD = gnu11;
				GCC_DYNAMIC_NO_PIC = NO;
				GCC_NO_COMMON_BLOCKS = YES;
				GCC_OPTIMIZATION_LEVEL = 0;
				GCC_PREPROCESSOR_DEFINITIONS = (
					"DEBUG=1",
					"$(inherited)",
				);
				GCC_WARN_64_TO_32_BIT_CONVERSION = YES;
				GCC_WARN_ABOUT_RETURN_TYPE = YES_ERROR;
				GCC_WARN_UNDECLARED_SELECTOR = YES;
				GCC_WARN_UNINITIALIZED_AUTOS = YES_AGGRESSIVE;
				GCC_WARN_UNUSED_FUNCTION = YES;
				GCC_WARN_UNUSED_VARIABLE = YES;
				IPHONEOS_DEPLOYMENT_TARGET = 13.4;
				MTL_ENABLE_DEBUG_INFO = INCLUDE_SOURCE;
				MTL_FAST_MATH = YES;
				ONLY_ACTIVE_ARCH = YES;
				SDKROOT = iphoneos;
				SWIFT_ACTIVE_COMPILATION_CONDITIONS = DEBUG;
				SWIFT_OPTIMIZATION_LEVEL = "-Onone";
			};
			name = Debug;
		};
		B7BDC327243BEA84004B2BB5 /* Release */ = {
			isa = XCBuildConfiguration;
			buildSettings = {
				ALWAYS_SEARCH_USER_PATHS = NO;
				CLANG_ANALYZER_NONNULL = YES;
				CLANG_ANALYZER_NUMBER_OBJECT_CONVERSION = YES_AGGRESSIVE;
				CLANG_CXX_LANGUAGE_STANDARD = "gnu++14";
				CLANG_CXX_LIBRARY = "libc++";
				CLANG_ENABLE_MODULES = YES;
				CLANG_ENABLE_OBJC_ARC = YES;
				CLANG_ENABLE_OBJC_WEAK = YES;
				CLANG_WARN_BLOCK_CAPTURE_AUTORELEASING = YES;
				CLANG_WARN_BOOL_CONVERSION = YES;
				CLANG_WARN_COMMA = YES;
				CLANG_WARN_CONSTANT_CONVERSION = YES;
				CLANG_WARN_DEPRECATED_OBJC_IMPLEMENTATIONS = YES;
				CLANG_WARN_DIRECT_OBJC_ISA_USAGE = YES_ERROR;
				CLANG_WARN_DOCUMENTATION_COMMENTS = YES;
				CLANG_WARN_EMPTY_BODY = YES;
				CLANG_WARN_ENUM_CONVERSION = YES;
				CLANG_WARN_INFINITE_RECURSION = YES;
				CLANG_WARN_INT_CONVERSION = YES;
				CLANG_WARN_NON_LITERAL_NULL_CONVERSION = YES;
				CLANG_WARN_OBJC_IMPLICIT_RETAIN_SELF = YES;
				CLANG_WARN_OBJC_LITERAL_CONVERSION = YES;
				CLANG_WARN_OBJC_ROOT_CLASS = YES_ERROR;
				CLANG_WARN_RANGE_LOOP_ANALYSIS = YES;
				CLANG_WARN_STRICT_PROTOTYPES = YES;
				CLANG_WARN_SUSPICIOUS_MOVE = YES;
				CLANG_WARN_UNGUARDED_AVAILABILITY = YES_AGGRESSIVE;
				CLANG_WARN_UNREACHABLE_CODE = YES;
				CLANG_WARN__DUPLICATE_METHOD_MATCH = YES;
				COPY_PHASE_STRIP = NO;
				DEBUG_INFORMATION_FORMAT = "dwarf-with-dsym";
				ENABLE_NS_ASSERTIONS = NO;
				ENABLE_STRICT_OBJC_MSGSEND = YES;
				GCC_C_LANGUAGE_STANDARD = gnu11;
				GCC_NO_COMMON_BLOCKS = YES;
				GCC_WARN_64_TO_32_BIT_CONVERSION = YES;
				GCC_WARN_ABOUT_RETURN_TYPE = YES_ERROR;
				GCC_WARN_UNDECLARED_SELECTOR = YES;
				GCC_WARN_UNINITIALIZED_AUTOS = YES_AGGRESSIVE;
				GCC_WARN_UNUSED_FUNCTION = YES;
				GCC_WARN_UNUSED_VARIABLE = YES;
				IPHONEOS_DEPLOYMENT_TARGET = 13.4;
				MTL_ENABLE_DEBUG_INFO = NO;
				MTL_FAST_MATH = YES;
				SDKROOT = iphoneos;
				SWIFT_COMPILATION_MODE = wholemodule;
				SWIFT_OPTIMIZATION_LEVEL = "-O";
				VALIDATE_PRODUCT = YES;
			};
			name = Release;
		};
		B7BDC329243BEA84004B2BB5 /* Debug */ = {
			isa = XCBuildConfiguration;
			baseConfigurationReference = A3EEFDF4E3C3E21705306876 /* Pods-AppStoreJSONApis.debug.xcconfig */;
			buildSettings = {
				ASSETCATALOG_COMPILER_APPICON_NAME = AppIcon;
				CODE_SIGN_STYLE = Automatic;
				DEVELOPMENT_TEAM = 3E9R3592W8;
				INFOPLIST_FILE = AppStoreJSONApis/Info.plist;
				LD_RUNPATH_SEARCH_PATHS = (
					"$(inherited)",
					"@executable_path/Frameworks",
				);
				PRODUCT_BUNDLE_IDENTIFIER = com.rodrigolemos.AppStoreJSONApis;
				PRODUCT_NAME = "$(TARGET_NAME)";
				SWIFT_VERSION = 5.0;
				TARGETED_DEVICE_FAMILY = "1,2";
			};
			name = Debug;
		};
		B7BDC32A243BEA84004B2BB5 /* Release */ = {
			isa = XCBuildConfiguration;
			baseConfigurationReference = 6B3A5DB41B9C5ABD7324F3A4 /* Pods-AppStoreJSONApis.release.xcconfig */;
			buildSettings = {
				ASSETCATALOG_COMPILER_APPICON_NAME = AppIcon;
				CODE_SIGN_STYLE = Automatic;
				DEVELOPMENT_TEAM = 3E9R3592W8;
				INFOPLIST_FILE = AppStoreJSONApis/Info.plist;
				LD_RUNPATH_SEARCH_PATHS = (
					"$(inherited)",
					"@executable_path/Frameworks",
				);
				PRODUCT_BUNDLE_IDENTIFIER = com.rodrigolemos.AppStoreJSONApis;
				PRODUCT_NAME = "$(TARGET_NAME)";
				SWIFT_VERSION = 5.0;
				TARGETED_DEVICE_FAMILY = "1,2";
			};
			name = Release;
		};
/* End XCBuildConfiguration section */

/* Begin XCConfigurationList section */
		B7BDC30F243BEA81004B2BB5 /* Build configuration list for PBXProject "AppStoreJSONApis" */ = {
			isa = XCConfigurationList;
			buildConfigurations = (
				B7BDC326243BEA84004B2BB5 /* Debug */,
				B7BDC327243BEA84004B2BB5 /* Release */,
			);
			defaultConfigurationIsVisible = 0;
			defaultConfigurationName = Release;
		};
		B7BDC328243BEA84004B2BB5 /* Build configuration list for PBXNativeTarget "AppStoreJSONApis" */ = {
			isa = XCConfigurationList;
			buildConfigurations = (
				B7BDC329243BEA84004B2BB5 /* Debug */,
				B7BDC32A243BEA84004B2BB5 /* Release */,
			);
			defaultConfigurationIsVisible = 0;
			defaultConfigurationName = Release;
		};
/* End XCConfigurationList section */
	};
	rootObject = B7BDC30C243BEA81004B2BB5 /* Project object */;
}
